// !$*UTF8*$!
{
	archiveVersion = 1;
	classes = {
	};
	objectVersion = 46;
	objects = {

/* Begin PBXBuildFile section */
		04CFC105175FA8F90097FB2E /* UIKit.framework in Frameworks */ = {isa = PBXBuildFile; fileRef = 04CFC104175FA8F90097FB2E /* UIKit.framework */; };
		04CFC107175FA8F90097FB2E /* Foundation.framework in Frameworks */ = {isa = PBXBuildFile; fileRef = 04CFC106175FA8F90097FB2E /* Foundation.framework */; };
		04CFC109175FA8F90097FB2E /* CoreGraphics.framework in Frameworks */ = {isa = PBXBuildFile; fileRef = 04CFC108175FA8F90097FB2E /* CoreGraphics.framework */; };
		04CFC10F175FA8F90097FB2E /* InfoPlist.strings in Resources */ = {isa = PBXBuildFile; fileRef = 04CFC10D175FA8F90097FB2E /* InfoPlist.strings */; };
		04CFC111175FA8F90097FB2E /* main.m in Sources */ = {isa = PBXBuildFile; fileRef = 04CFC110175FA8F90097FB2E /* main.m */; };
		04CFC115175FA8F90097FB2E /* AppDelegate.m in Sources */ = {isa = PBXBuildFile; fileRef = 04CFC114175FA8F90097FB2E /* AppDelegate.m */; };
		04CFC118175FA8F90097FB2E /* ViewController.m in Sources */ = {isa = PBXBuildFile; fileRef = 04CFC117175FA8F90097FB2E /* ViewController.m */; };
		04CFC11B175FA8F90097FB2E /* ViewController.xib in Resources */ = {isa = PBXBuildFile; fileRef = 04CFC119175FA8F90097FB2E /* ViewController.xib */; };
/* End PBXBuildFile section */

/* Begin PBXFileReference section */
		04CFC100175FA8F90097FB2E /* XYZ.app */ = {isa = PBXFileReference; explicitFileType = wrapper.application; includeInIndex = 0; path = XYZ.app; sourceTree = BUILT_PRODUCTS_DIR; };
		04CFC104175FA8F90097FB2E /* UIKit.framework */ = {isa = PBXFileReference; lastKnownFileType = wrapper.framework; name = UIKit.framework; path = System/Library/Frameworks/UIKit.framework; sourceTree = SDKROOT; };
		04CFC106175FA8F90097FB2E /* Foundation.framework */ = {isa = PBXFileReference; lastKnownFileType = wrapper.framework; name = Foundation.framework; path = System/Library/Frameworks/Foundation.framework; sourceTree = SDKROOT; };
		04CFC108175FA8F90097FB2E /* CoreGraphics.framework */ = {isa = PBXFileReference; lastKnownFileType = wrapper.framework; name = CoreGraphics.framework; path = System/Library/Frameworks/CoreGraphics.framework; sourceTree = SDKROOT; };
		04CFC10C175FA8F90097FB2E /* XYZ-Info.plist */ = {isa = PBXFileReference; lastKnownFileType = text.plist.xml; path = "XYZ-Info.plist"; sourceTree = "<group>"; };
		04CFC10E175FA8F90097FB2E /* en */ = {isa = PBXFileReference; lastKnownFileType = text.plist.strings; name = en; path = en.lproj/InfoPlist.strings; sourceTree = "<group>"; };
		04CFC110175FA8F90097FB2E /* main.m */ = {isa = PBXFileReference; lastKnownFileType = sourcecode.c.objc; path = main.m; sourceTree = "<group>"; };
		04CFC112175FA8F90097FB2E /* XYZ-Prefix.pch */ = {isa = PBXFileReference; lastKnownFileType = sourcecode.c.h; path = "XYZ-Prefix.pch"; sourceTree = "<group>"; };
		04CFC113175FA8F90097FB2E /* AppDelegate.h */ = {isa = PBXFileReference; lastKnownFileType = sourcecode.c.h; path = AppDelegate.h; sourceTree = "<group>"; };
		04CFC114175FA8F90097FB2E /* AppDelegate.m */ = {isa = PBXFileReference; lastKnownFileType = sourcecode.c.objc; path = AppDelegate.m; sourceTree = "<group>"; };
		04CFC116175FA8F90097FB2E /* ViewController.h */ = {isa = PBXFileReference; lastKnownFileType = sourcecode.c.h; path = ViewController.h; sourceTree = "<group>"; };
		04CFC117175FA8F90097FB2E /* ViewController.m */ = {isa = PBXFileReference; lastKnownFileType = sourcecode.c.objc; path = ViewController.m; sourceTree = "<group>"; };
		04CFC11A175FA8F90097FB2E /* en */ = {isa = PBXFileReference; lastKnownFileType = file.xib; name = en; path = en.lproj/ViewController.xib; sourceTree = "<group>"; };
/* End PBXFileReference section */

/* Begin PBXFrameworksBuildPhase section */
		04CFC0FD175FA8F90097FB2E /* Frameworks */ = {
			isa = PBXFrameworksBuildPhase;
			buildActionMask = 2147483647;
			files = (
				04CFC105175FA8F90097FB2E /* UIKit.framework in Frameworks */,
				04CFC107175FA8F90097FB2E /* Foundation.framework in Frameworks */,
				04CFC109175FA8F90097FB2E /* CoreGraphics.framework in Frameworks */,
			);
			runOnlyForDeploymentPostprocessing = 0;
		};
/* End PBXFrameworksBuildPhase section */

/* Begin PBXGroup section */
		04CFC0F5175FA8F90097FB2E = {
			isa = PBXGroup;
			children = (
				04CFC10A175FA8F90097FB2E /* XYZ */,
				04CFC103175FA8F90097FB2E /* Frameworks */,
				04CFC101175FA8F90097FB2E /* Products */,
			);
			sourceTree = "<group>";
		};
		04CFC101175FA8F90097FB2E /* Products */ = {
			isa = PBXGroup;
			children = (
				04CFC100175FA8F90097FB2E /* XYZ.app */,
			);
			name = Products;
			sourceTree = "<group>";
		};
		04CFC103175FA8F90097FB2E /* Frameworks */ = {
			isa = PBXGroup;
			children = (
				04CFC104175FA8F90097FB2E /* UIKit.framework */,
				04CFC106175FA8F90097FB2E /* Foundation.framework */,
				04CFC108175FA8F90097FB2E /* CoreGraphics.framework */,
			);
			name = Frameworks;
			sourceTree = "<group>";
		};
		04CFC10A175FA8F90097FB2E /* XYZ */ = {
			isa = PBXGroup;
			children = (
				04CFC113175FA8F90097FB2E /* AppDelegate.h */,
				04CFC114175FA8F90097FB2E /* AppDelegate.m */,
				04CFC116175FA8F90097FB2E /* ViewController.h */,
				04CFC117175FA8F90097FB2E /* ViewController.m */,
				04CFC119175FA8F90097FB2E /* ViewController.xib */,
				04CFC10B175FA8F90097FB2E /* Supporting Files */,
			);
			path = XYZ;
			sourceTree = "<group>";
		};
		04CFC10B175FA8F90097FB2E /* Supporting Files */ = {
			isa = PBXGroup;
			children = (
				04CFC10C175FA8F90097FB2E /* XYZ-Info.plist */,
				04CFC10D175FA8F90097FB2E /* InfoPlist.strings */,
				04CFC110175FA8F90097FB2E /* main.m */,
				04CFC112175FA8F90097FB2E /* XYZ-Prefix.pch */,
			);
			name = "Supporting Files";
			sourceTree = "<group>";
		};
/* End PBXGroup section */

/* Begin PBXNativeTarget section */
		04CFC0FF175FA8F90097FB2E /* XYZ */ = {
			isa = PBXNativeTarget;
			buildConfigurationList = 04CFC11E175FA8F90097FB2E /* Build configuration list for PBXNativeTarget "XYZ" */;
			buildPhases = (
				04CFC0FC175FA8F90097FB2E /* Sources */,
				04CFC0FD175FA8F90097FB2E /* Frameworks */,
				04CFC0FE175FA8F90097FB2E /* Resources */,
			);
			buildRules = (
			);
			dependencies = (
			);
			name = XYZ;
			productName = XYZ;
			productReference = 04CFC100175FA8F90097FB2E /* XYZ.app */;
			productType = "com.apple.product-type.application";
		};
/* End PBXNativeTarget section */

/* Begin PBXProject section */
		04CFC0F7175FA8F90097FB2E /* Project object */ = {
			isa = PBXProject;
			attributes = {
				LastUpgradeCheck = 0440;
				ORGANIZATIONNAME = xyz;
			};
			buildConfigurationList = 04CFC0FA175FA8F90097FB2E /* Build configuration list for PBXProject "XYZ" */;
			compatibilityVersion = "Xcode 3.2";
			developmentRegion = English;
			hasScannedForEncodings = 0;
			knownRegions = (
				en,
			);
			mainGroup = 04CFC0F5175FA8F90097FB2E;
			productRefGroup = 04CFC101175FA8F90097FB2E /* Products */;
			projectDirPath = "";
			projectRoot = "";
			targets = (
				04CFC0FF175FA8F90097FB2E /* XYZ */,
			);
		};
/* End PBXProject section */

/* Begin PBXResourcesBuildPhase section */
		04CFC0FE175FA8F90097FB2E /* Resources */ = {
			isa = PBXResourcesBuildPhase;
			buildActionMask = 2147483647;
			files = (
				04CFC10F175FA8F90097FB2E /* InfoPlist.strings in Resources */,
				04CFC11B175FA8F90097FB2E /* ViewController.xib in Resources */,
			);
			runOnlyForDeploymentPostprocessing = 0;
		};
/* End PBXResourcesBuildPhase section */

/* Begin PBXSourcesBuildPhase section */
		04CFC0FC175FA8F90097FB2E /* Sources */ = {
			isa = PBXSourcesBuildPhase;
			buildActionMask = 2147483647;
			files = (
				04CFC111175FA8F90097FB2E /* main.m in Sources */,
				04CFC115175FA8F90097FB2E /* AppDelegate.m in Sources */,
				04CFC118175FA8F90097FB2E /* ViewController.m in Sources */,
			);
			runOnlyForDeploymentPostprocessing = 0;
		};
/* End PBXSourcesBuildPhase section */

/* Begin PBXVariantGroup section */
		04CFC10D175FA8F90097FB2E /* InfoPlist.strings */ = {
			isa = PBXVariantGroup;
			children = (
				04CFC10E175FA8F90097FB2E /* en */,
			);
			name = InfoPlist.strings;
			sourceTree = "<group>";
		};
		04CFC119175FA8F90097FB2E /* ViewController.xib */ = {
			isa = PBXVariantGroup;
			children = (
				04CFC11A175FA8F90097FB2E /* en */,
			);
			name = ViewController.xib;
			sourceTree = "<group>";
		};
/* End PBXVariantGroup section */

/* Begin XCBuildConfiguration section */
		04CFC11C175FA8F90097FB2E /* Debug */ = {
			isa = XCBuildConfiguration;
			buildSettings = {
				ALWAYS_SEARCH_USER_PATHS = NO;
				ARCHS = "$(ARCHS_STANDARD_32_BIT)";
				CLANG_CXX_LANGUAGE_STANDARD = "gnu++0x";
				CLANG_WARN__DUPLICATE_METHOD_MATCH = YES;
				"CODE_SIGN_IDENTITY[sdk=iphoneos*]" = "iPhone Developer";
				COPY_PHASE_STRIP = NO;
				GCC_C_LANGUAGE_STANDARD = gnu99;
				GCC_DYNAMIC_NO_PIC = NO;
				GCC_OPTIMIZATION_LEVEL = 0;
				GCC_PREPROCESSOR_DEFINITIONS = (
					"DEBUG=1",
					"$(inherited)",
				);
				GCC_SYMBOLS_PRIVATE_EXTERN = NO;
				GCC_VERSION = com.apple.compilers.llvm.clang.1_0;
				GCC_WARN_ABOUT_RETURN_TYPE = YES;
				GCC_WARN_UNINITIALIZED_AUTOS = YES;
				GCC_WARN_UNUSED_VARIABLE = YES;
				IPHONEOS_DEPLOYMENT_TARGET = 5.1;
				SDKROOT = iphoneos;
			};
			name = Debug;
		};
		04CFC11D175FA8F90097FB2E /* Release */ = {
			isa = XCBuildConfiguration;
			buildSettings = {
				ALWAYS_SEARCH_USER_PATHS = NO;
				ARCHS = "$(ARCHS_STANDARD_32_BIT)";
				CLANG_CXX_LANGUAGE_STANDARD = "gnu++0x";
				CLANG_WARN__DUPLICATE_METHOD_MATCH = YES;
				"CODE_SIGN_IDENTITY[sdk=iphoneos*]" = "iPhone Developer";
				COPY_PHASE_STRIP = YES;
				GCC_C_LANGUAGE_STANDARD = gnu99;
				GCC_VERSION = com.apple.compilers.llvm.clang.1_0;
				GCC_WARN_ABOUT_RETURN_TYPE = YES;
				GCC_WARN_UNINITIALIZED_AUTOS = YES;
				GCC_WARN_UNUSED_VARIABLE = YES;
				IPHONEOS_DEPLOYMENT_TARGET = 5.1;
				OTHER_CFLAGS = "-DNS_BLOCK_ASSERTIONS=1";
				SDKROOT = iphoneos;
				VALIDATE_PRODUCT = YES;
			};
			name = Release;
		};
		04CFC11F175FA8F90097FB2E /* Debug */ = {
			isa = XCBuildConfiguration;
			buildSettings = {
				GCC_PRECOMPILE_PREFIX_HEADER = YES;
				GCC_PREFIX_HEADER = "XYZ/XYZ-Prefix.pch";
				INFOPLIST_FILE = "XYZ/XYZ-Info.plist";
				PRODUCT_NAME = "$(TARGET_NAME)";
				WRAPPER_EXTENSION = app;
			};
			name = Debug;
		};
		04CFC120175FA8F90097FB2E /* Release */ = {
			isa = XCBuildConfiguration;
			buildSettings = {
				GCC_PRECOMPILE_PREFIX_HEADER = YES;
				GCC_PREFIX_HEADER = "XYZ/XYZ-Prefix.pch";
				INFOPLIST_FILE = "XYZ/XYZ-Info.plist";
				PRODUCT_NAME = "$(TARGET_NAME)";
				WRAPPER_EXTENSION = app;
			};
			name = Release;
		};
/* End XCBuildConfiguration section */

/* Begin XCConfigurationList section */
		04CFC0FA175FA8F90097FB2E /* Build configuration list for PBXProject "XYZ" */ = {
			isa = XCConfigurationList;
			buildConfigurations = (
				04CFC11C175FA8F90097FB2E /* Debug */,
				04CFC11D175FA8F90097FB2E /* Release */,
			);
			defaultConfigurationIsVisible = 0;
			defaultConfigurationName = Release;
		};
		04CFC11E175FA8F90097FB2E /* Build configuration list for PBXNativeTarget "XYZ" */ = {
			isa = XCConfigurationList;
			buildConfigurations = (
				04CFC11F175FA8F90097FB2E /* Debug */,
				04CFC120175FA8F90097FB2E /* Release */,
			);
			defaultConfigurationIsVisible = 0;
		};
/* End XCConfigurationList section */
	};
	rootObject = 04CFC0F7175FA8F90097FB2E /* Project object */;
}
